
Microsoft Visual Studio Solution File, Format Version 12.00
# Visual Studio Version 17
VisualStudioVersion = 17.2.32505.173
MinimumVisualStudioVersion = 10.0.40219.1
Project("{FAE04EC0-301F-11D3-BF4B-00C04F79EFBC}") = "Assignment02", "Assignment02.csproj", "{74303490-1FD9-407C-8AA8-2D7CA76BA27A}"
EndProject
Global
	GlobalSection(SolutionConfigurationPlatforms) = preSolution
		Debug|Any CPU = Debug|Any CPU
		Release|Any CPU = Release|Any CPU
	EndGlobalSection
	GlobalSection(ProjectConfigurationPlatforms) = postSolution
		{74303490-1FD9-407C-8AA8-2D7CA76BA27A}.Debug|Any CPU.ActiveCfg = Debug|Any CPU
		{74303490-1FD9-407C-8AA8-2D7CA76BA27A}.Debug|Any CPU.Build.0 = Debug|Any CPU
		{74303490-1FD9-407C-8AA8-2D7CA76BA27A}.Release|Any CPU.ActiveCfg = Release|Any CPU
		{74303490-1FD9-407C-8AA8-2D7CA76BA27A}.Release|Any CPU.Build.0 = Release|Any CPU
	EndGlobalSection
	GlobalSection(SolutionProperties) = preSolution
		HideSolutionNode = FALSE
	EndGlobalSection
	GlobalSection(ExtensibilityGlobals) = postSolution
		SolutionGuid = {CDCD6DF2-CDB2-4C02-936D-2240267AC8C4}
	EndGlobalSection
EndGlobal
